// !$*UTF8*$!
{
	archiveVersion = 1;
	classes = {
	};
	objectVersion = 46;
	objects = {

/* Begin PBXAggregateTarget section */
		6185648685CA60D408A1FA53 /* All */ = {
			isa = PBXAggregateTarget;
			buildConfigurationList = 9C1B546072DA7F89B0E408C4 /* Build configuration list for PBXAggregateTarget "All" */;
			buildPhases = (
			);
			dependencies = (
				ECAEAFFE55B47C4B6E5D67F2 /* PBXTargetDependency */,
				E27C6469740BB8CF732C610E /* PBXTargetDependency */,
				BEDDB050161689075975313E /* PBXTargetDependency */,
			);
			name = All;
			productName = All;
		};
/* End PBXAggregateTarget section */

/* Begin PBXBuildFile section */
		00F3E176398E656046D0D90D /* NativeApiPostsResponse+Private.mm in Sources */ = {isa = PBXBuildFile; fileRef = 410EA9415F801F3DE5F721B7 /* NativeApiPostsResponse+Private.mm */; };
		026700EC96BE925AB71DD48C /* NativeHelloModel+Private.mm in Sources */ = {isa = PBXBuildFile; fileRef = 07E075D28A46C465368C2FF0 /* NativeHelloModel+Private.mm */; };
		06DC6EA6EABD75ECC0F35FC4 /* NativePostModel.mm in Sources */ = {isa = PBXBuildFile; fileRef = A68258BC5F2085D7B33A233E /* NativePostModel.mm */; };
		216BC02D0ACF551CF53D53BC /* http_callback_impl.cpp in Sources */ = {isa = PBXBuildFile; fileRef = 7F7BD3F1339E26CA97FB66C8 /* http_callback_impl.cpp */; };
		2DD74E5036E0AB1CBD0FD3AD /* async_task_impl.cpp in Sources */ = {isa = PBXBuildFile; fileRef = AA743765723B7C1526DE2A8F /* async_task_impl.cpp */; };
		49F4BABF821EF0B3D66F83A3 /* utils.cpp in Sources */ = {isa = PBXBuildFile; fileRef = 4256F174DA6AC961B56C466C /* utils.cpp */; };
		529AB76A4589C82AEC9AD5E4 /* NativeThreadLauncher.cpp in Sources */ = {isa = PBXBuildFile; fileRef = 4A00A890D3BC5CDA237A5187 /* NativeThreadLauncher.cpp */; };
		5A8BD809CB58E5E67577393A /* NativePhotoModel.mm in Sources */ = {isa = PBXBuildFile; fileRef = A996AE3445732579B36637A3 /* NativePhotoModel.mm */; };
		5F2150FFF245BF04761C8E82 /* NativeHelloModel.cpp in Sources */ = {isa = PBXBuildFile; fileRef = 31609FAC47CD15A93B83B2D3 /* NativeHelloModel.cpp */; };
		6A4B5839D469713DB01D3A55 /* NativeApi+Private.mm in Sources */ = {isa = PBXBuildFile; fileRef = 684F59357A0F0650221AE462 /* NativeApi+Private.mm */; };
		744FB3CDB2DA4030C6614511 /* NativeAsyncTask.cpp in Sources */ = {isa = PBXBuildFile; fileRef = FD42E8855E46653A357F32D1 /* NativeAsyncTask.cpp */; };
		7C550BDB1E9FABFB0C539ED9 /* libdjinnirest.a in Frameworks */ = {isa = PBXBuildFile; fileRef = 818386456C11E6C086652551 /* libdjinnirest.a */; };
		7C8790AFFFD4CC8FAA825899 /* http_callback_impl.cpp in Sources */ = {isa = PBXBuildFile; fileRef = 7F7BD3F1339E26CA97FB66C8 /* http_callback_impl.cpp */; };
		8060D7A516F3B5B0E5FACF92 /* NativeHttp+Private.mm in Sources */ = {isa = PBXBuildFile; fileRef = 5521AF8BC97242B62BEF916D /* NativeHttp+Private.mm */; };
		880321810800A17DDC65EA3D /* NativePostModel.cpp in Sources */ = {isa = PBXBuildFile; fileRef = 0471C175AF40E84728B3094E /* NativePostModel.cpp */; };
		8AD5A56FD398B7B0DFD80FF0 /* NativePhotoModel+Private.mm in Sources */ = {isa = PBXBuildFile; fileRef = 318055255997233CB15431EC /* NativePhotoModel+Private.mm */; };
		932101830059FBA44215F77B /* NativeApi.cpp in Sources */ = {isa = PBXBuildFile; fileRef = E5EBCEE11CE398C46AF454CC /* NativeApi.cpp */; };
		9C05E2BAFC0CAD692E5792CE /* NativeHttpCallback.cpp in Sources */ = {isa = PBXBuildFile; fileRef = EC3ACA29B09A02AA7C1069C7 /* NativeHttpCallback.cpp */; };
		9EFB2E80E5B1A1F1A453AD1B /* NativeApiPhotosResponse.cpp in Sources */ = {isa = PBXBuildFile; fileRef = F294C32A96576174394B4ECD /* NativeApiPhotosResponse.cpp */; };
		A00462E578DACF24D43D12A8 /* djinni_main.cpp in Sources */ = {isa = PBXBuildFile; fileRef = 66C1133B7E181CA277806AF5 /* djinni_main.cpp */; };
		A2362B320D2DA760F73C6EBE /* async_task_impl.cpp in Sources */ = {isa = PBXBuildFile; fileRef = AA743765723B7C1526DE2A8F /* async_task_impl.cpp */; };
		A5291FC6E8924DD83B2CAD5B /* NativeHttp.cpp in Sources */ = {isa = PBXBuildFile; fileRef = 557E4ECBEC66A03F62557E95 /* NativeHttp.cpp */; };
		A6B78917ED535D79AE866108 /* NativeThreadLauncher+Private.mm in Sources */ = {isa = PBXBuildFile; fileRef = 63E96621CF10F1721852ED6A /* NativeThreadLauncher+Private.mm */; };
		AA65E4439F5B7A2648A20497 /* api_impl.cpp in Sources */ = {isa = PBXBuildFile; fileRef = 23B9EF9BA1EE764148342449 /* api_impl.cpp */; };
		AB46F4FA75E9ED86B73CAEA4 /* async_task_impl.cpp in Sources */ = {isa = PBXBuildFile; fileRef = AA743765723B7C1526DE2A8F /* async_task_impl.cpp */; };
		AEEA4742088EE838A314331D /* NativeApiPhotosResponse+Private.mm in Sources */ = {isa = PBXBuildFile; fileRef = 2B5E901E540E3FA8F32972B1 /* NativeApiPhotosResponse+Private.mm */; };
		BB6BF7BCA69C78AED16B3366 /* http_callback_impl.cpp in Sources */ = {isa = PBXBuildFile; fileRef = 7F7BD3F1339E26CA97FB66C8 /* http_callback_impl.cpp */; };
		C0A5031B79CE66913DBEBE31 /* NativeAsyncTask+Private.mm in Sources */ = {isa = PBXBuildFile; fileRef = 203BE3ADC291EE1431E06D8A /* NativeAsyncTask+Private.mm */; };
		C0B5F7E2922DAB379B1189BC /* NativePostModel+Private.mm in Sources */ = {isa = PBXBuildFile; fileRef = D2DEF35FDED194E68F78D250 /* NativePostModel+Private.mm */; };
		C68BEDF80B7F1B8191ADA21B /* libjson11.a in Frameworks */ = {isa = PBXBuildFile; fileRef = 56D233306E21138D7CD17451 /* libjson11.a */; };
		CC0C2B6EB9E44EE60ACF0A0E /* libdjinni_jni.a in Frameworks */ = {isa = PBXBuildFile; fileRef = 1B489D6C8ECECCBA93801316 /* libdjinni_jni.a */; };
		CE9344A46DDFE95825E2CB50 /* api_impl.cpp in Sources */ = {isa = PBXBuildFile; fileRef = 23B9EF9BA1EE764148342449 /* api_impl.cpp */; };
		DBE0CB9A53EEF487D5D79432 /* utils.cpp in Sources */ = {isa = PBXBuildFile; fileRef = 4256F174DA6AC961B56C466C /* utils.cpp */; };
		DDFC2D4DF5A6B3A374129C3A /* api_impl.cpp in Sources */ = {isa = PBXBuildFile; fileRef = 23B9EF9BA1EE764148342449 /* api_impl.cpp */; };
		E24E6CED24D84E2473D99893 /* NativeHelloModel.mm in Sources */ = {isa = PBXBuildFile; fileRef = 325D19892E73C259A643E20A /* NativeHelloModel.mm */; };
		E9F5F9ADBCA4AC00C6DD8531 /* utils.cpp in Sources */ = {isa = PBXBuildFile; fileRef = 4256F174DA6AC961B56C466C /* utils.cpp */; };
		EC9978BCAEE0825D8CD6F05A /* NativeHttpCallback+Private.mm in Sources */ = {isa = PBXBuildFile; fileRef = F93C940A1A43030A3BD84795 /* NativeHttpCallback+Private.mm */; };
		F386D37F213D435645A66B75 /* NativeApiPostsResponse.cpp in Sources */ = {isa = PBXBuildFile; fileRef = 6F3BA8F9D744349A62A4F48C /* NativeApiPostsResponse.cpp */; };
		FCF7DCF17AF8AA9076074AE7 /* NativePhotoModel.cpp in Sources */ = {isa = PBXBuildFile; fileRef = 8C0FD348080D2B8E02B921D0 /* NativePhotoModel.cpp */; };
/* End PBXBuildFile section */

/* Begin PBXContainerItemProxy section */
		174044A7CFF89C26A4D6ED82 /* PBXContainerItemProxy */ = {
			isa = PBXContainerItemProxy;
			containerPortal = B5C7044DCC67B061A61DDF56 /* json11.xcodeproj */;
			proxyType = 1;
			remoteGlobalIDString = 628B5EEE1406717033D202E7;
			remoteInfo = json11;
		};
		1F67E59BA9534772905C18EC /* PBXContainerItemProxy */ = {
			isa = PBXContainerItemProxy;
			containerPortal = 9E21D62DC6A8C69F8B4E1596 /* support_lib.xcodeproj */;
			proxyType = 1;
			remoteGlobalIDString = AD97C5F2356EF26110758A40;
			remoteInfo = djinni_jni;
		};
		4969F15CCA4AF581BCB5678C /* PBXContainerItemProxy */ = {
			isa = PBXContainerItemProxy;
			containerPortal = EC3DCDCACEF9492767AA694C /* Project object */;
			proxyType = 1;
			remoteGlobalIDString = 504B3B219ADCB890C6F9B0BD;
			remoteInfo = libdjinnirest;
		};
		5B7C15EC364033AE9865D1B9 /* PBXContainerItemProxy */ = {
			isa = PBXContainerItemProxy;
			containerPortal = 9E21D62DC6A8C69F8B4E1596 /* support_lib.xcodeproj */;
			proxyType = 2;
			remoteGlobalIDString = 0C99AA4F95316AA552A79C55;
			remoteInfo = djinni_objc;
		};
		7B763181247B4FE0426980AC /* PBXContainerItemProxy */ = {
			isa = PBXContainerItemProxy;
			containerPortal = EC3DCDCACEF9492767AA694C /* Project object */;
			proxyType = 1;
			remoteGlobalIDString = 276223351F1A50C19D332FEC;
			remoteInfo = libdjinnirest_jni;
		};
		8C88CB5763DCA8B906972ACE /* PBXContainerItemProxy */ = {
			isa = PBXContainerItemProxy;
			containerPortal = 9E21D62DC6A8C69F8B4E1596 /* support_lib.xcodeproj */;
			proxyType = 2;
			remoteGlobalIDString = DC658C749F521B13A5BDCBBC;
			remoteInfo = djinni_jni;
		};
		C54FFDF338D199DBE8AF01C3 /* PBXContainerItemProxy */ = {
			isa = PBXContainerItemProxy;
			containerPortal = EC3DCDCACEF9492767AA694C /* Project object */;
			proxyType = 1;
			remoteGlobalIDString = D7EA424C6D917191A422D1D9;
			remoteInfo = libdjinnirest_objc;
		};
		C8C9EEAEF1FFF210C7CDF246 /* PBXContainerItemProxy */ = {
			isa = PBXContainerItemProxy;
			containerPortal = EC3DCDCACEF9492767AA694C /* Project object */;
			proxyType = 1;
			remoteGlobalIDString = 504B3B219ADCB890C6F9B0BD;
			remoteInfo = libdjinnirest;
		};
		E756F18BCB2AD81E394B4659 /* PBXContainerItemProxy */ = {
			isa = PBXContainerItemProxy;
			containerPortal = B5C7044DCC67B061A61DDF56 /* json11.xcodeproj */;
			proxyType = 2;
			remoteGlobalIDString = FBDF0630DFB409BA3B3C55F4;
			remoteInfo = json11;
		};
/* End PBXContainerItemProxy section */

/* Begin PBXFileReference section */
		00AEE462F847F82A76833A33 /* libdjinnirest_objc.a */ = {isa = PBXFileReference; explicitFileType = archive.ar; includeInIndex = 0; path = libdjinnirest_objc.a; sourceTree = BUILT_PRODUCTS_DIR; };
		0471C175AF40E84728B3094E /* NativePostModel.cpp */ = {isa = PBXFileReference; lastKnownFileType = sourcecode.cpp.cpp; path = NativePostModel.cpp; sourceTree = "<group>"; };
		05D74318243EE5000ABCE5E2 /* NativeAsyncTask+Private.h */ = {isa = PBXFileReference; lastKnownFileType = sourcecode.c.h; path = "NativeAsyncTask+Private.h"; sourceTree = "<group>"; };
		07E075D28A46C465368C2FF0 /* NativeHelloModel+Private.mm */ = {isa = PBXFileReference; lastKnownFileType = sourcecode.cpp.objcpp; path = "NativeHelloModel+Private.mm"; sourceTree = "<group>"; };
		10A5B2D713EB87BB065FF99E /* post_model.hpp */ = {isa = PBXFileReference; lastKnownFileType = text; path = post_model.hpp; sourceTree = "<group>"; };
		203BE3ADC291EE1431E06D8A /* NativeAsyncTask+Private.mm */ = {isa = PBXFileReference; lastKnownFileType = sourcecode.cpp.objcpp; path = "NativeAsyncTask+Private.mm"; sourceTree = "<group>"; };
		23B9EF9BA1EE764148342449 /* api_impl.cpp */ = {isa = PBXFileReference; lastKnownFileType = sourcecode.cpp.cpp; path = api_impl.cpp; sourceTree = "<group>"; };
		245D5797309111821133F55F /* http_callback.hpp */ = {isa = PBXFileReference; lastKnownFileType = text; path = http_callback.hpp; sourceTree = "<group>"; };
		253222E24D44476B0C1FC1E1 /* NativePostModel.h */ = {isa = PBXFileReference; lastKnownFileType = sourcecode.c.h; path = NativePostModel.h; sourceTree = "<group>"; };
		2B5E901E540E3FA8F32972B1 /* NativeApiPhotosResponse+Private.mm */ = {isa = PBXFileReference; lastKnownFileType = sourcecode.cpp.objcpp; path = "NativeApiPhotosResponse+Private.mm"; sourceTree = "<group>"; };
		31609FAC47CD15A93B83B2D3 /* NativeHelloModel.cpp */ = {isa = PBXFileReference; lastKnownFileType = sourcecode.cpp.cpp; path = NativeHelloModel.cpp; sourceTree = "<group>"; };
		318055255997233CB15431EC /* NativePhotoModel+Private.mm */ = {isa = PBXFileReference; lastKnownFileType = sourcecode.cpp.objcpp; path = "NativePhotoModel+Private.mm"; sourceTree = "<group>"; };
		325D19892E73C259A643E20A /* NativeHelloModel.mm */ = {isa = PBXFileReference; lastKnownFileType = sourcecode.cpp.objcpp; path = NativeHelloModel.mm; sourceTree = "<group>"; };
		358E90744B92A5DEFB668960 /* NativeApiPostsResponse+Private.h */ = {isa = PBXFileReference; lastKnownFileType = sourcecode.c.h; path = "NativeApiPostsResponse+Private.h"; sourceTree = "<group>"; };
		3BF2CF8163D9232A3A4F3D42 /* thread_launcher.hpp */ = {isa = PBXFileReference; lastKnownFileType = text; path = thread_launcher.hpp; sourceTree = "<group>"; };
		3E06031AA8F304F2F9B4AC7F /* photo_model.hpp */ = {isa = PBXFileReference; lastKnownFileType = text; path = photo_model.hpp; sourceTree = "<group>"; };
		3EF3C60DCA9C860A9E8A418E /* api_posts_response.hpp */ = {isa = PBXFileReference; lastKnownFileType = text; path = api_posts_response.hpp; sourceTree = "<group>"; };
		410EA9415F801F3DE5F721B7 /* NativeApiPostsResponse+Private.mm */ = {isa = PBXFileReference; lastKnownFileType = sourcecode.cpp.objcpp; path = "NativeApiPostsResponse+Private.mm"; sourceTree = "<group>"; };
		4256F174DA6AC961B56C466C /* utils.cpp */ = {isa = PBXFileReference; lastKnownFileType = sourcecode.cpp.cpp; path = utils.cpp; sourceTree = "<group>"; };
		49A5E1816275EFC7DA1C4F67 /* NativeApiPostsResponse.h */ = {isa = PBXFileReference; lastKnownFileType = sourcecode.c.h; path = NativeApiPostsResponse.h; sourceTree = "<group>"; };
		4A00A890D3BC5CDA237A5187 /* NativeThreadLauncher.cpp */ = {isa = PBXFileReference; lastKnownFileType = sourcecode.cpp.cpp; path = NativeThreadLauncher.cpp; sourceTree = "<group>"; };
		5225935928EB57C8DDC3E836 /* http.hpp */ = {isa = PBXFileReference; lastKnownFileType = text; path = http.hpp; sourceTree = "<group>"; };
		5521AF8BC97242B62BEF916D /* NativeHttp+Private.mm */ = {isa = PBXFileReference; lastKnownFileType = sourcecode.cpp.objcpp; path = "NativeHttp+Private.mm"; sourceTree = "<group>"; };
		557E4ECBEC66A03F62557E95 /* NativeHttp.cpp */ = {isa = PBXFileReference; lastKnownFileType = sourcecode.cpp.cpp; path = NativeHttp.cpp; sourceTree = "<group>"; };
		63E96621CF10F1721852ED6A /* NativeThreadLauncher+Private.mm */ = {isa = PBXFileReference; lastKnownFileType = sourcecode.cpp.objcpp; path = "NativeThreadLauncher+Private.mm"; sourceTree = "<group>"; };
		65AD4FA9DA47C76F6BB5DF54 /* NativePostModel+Private.h */ = {isa = PBXFileReference; lastKnownFileType = sourcecode.c.h; path = "NativePostModel+Private.h"; sourceTree = "<group>"; };
		66C1133B7E181CA277806AF5 /* djinni_main.cpp */ = {isa = PBXFileReference; lastKnownFileType = sourcecode.cpp.cpp; path = djinni_main.cpp; sourceTree = "<group>"; };
		684F59357A0F0650221AE462 /* NativeApi+Private.mm */ = {isa = PBXFileReference; lastKnownFileType = sourcecode.cpp.objcpp; path = "NativeApi+Private.mm"; sourceTree = "<group>"; };
		6D6E9204A22B1277A9DBEE0F /* NativePhotoModel+Private.h */ = {isa = PBXFileReference; lastKnownFileType = sourcecode.c.h; path = "NativePhotoModel+Private.h"; sourceTree = "<group>"; };
		6E59117963001174D1F54110 /* NativeHttp+Private.h */ = {isa = PBXFileReference; lastKnownFileType = sourcecode.c.h; path = "NativeHttp+Private.h"; sourceTree = "<group>"; };
		6F3BA8F9D744349A62A4F48C /* NativeApiPostsResponse.cpp */ = {isa = PBXFileReference; lastKnownFileType = sourcecode.cpp.cpp; path = NativeApiPostsResponse.cpp; sourceTree = "<group>"; };
		75E45C8188D29D211005D2AF /* NativeApiPhotosResponse+Private.h */ = {isa = PBXFileReference; lastKnownFileType = sourcecode.c.h; path = "NativeApiPhotosResponse+Private.h"; sourceTree = "<group>"; };
		7F7BD3F1339E26CA97FB66C8 /* http_callback_impl.cpp */ = {isa = PBXFileReference; lastKnownFileType = sourcecode.cpp.cpp; path = http_callback_impl.cpp; sourceTree = "<group>"; };
		7FE7F18A44A73D9A331DD0BF /* NativeApi+Private.h */ = {isa = PBXFileReference; lastKnownFileType = sourcecode.c.h; path = "NativeApi+Private.h"; sourceTree = "<group>"; };
		818386456C11E6C086652551 /* libdjinnirest.a */ = {isa = PBXFileReference; explicitFileType = archive.ar; includeInIndex = 0; path = libdjinnirest.a; sourceTree = BUILT_PRODUCTS_DIR; };
		8441DD6F947F86CEC8909F15 /* NativeHelloModel+Private.h */ = {isa = PBXFileReference; lastKnownFileType = sourcecode.c.h; path = "NativeHelloModel+Private.h"; sourceTree = "<group>"; };
		852E0350D12E69F25389BDD1 /* std_util.hpp */ = {isa = PBXFileReference; lastKnownFileType = text; path = std_util.hpp; sourceTree = "<group>"; };
		8C0100FFAE1DC510DF79955F /* NativeHelloModel.h */ = {isa = PBXFileReference; lastKnownFileType = sourcecode.c.h; path = NativeHelloModel.h; sourceTree = "<group>"; };
		8C0FD348080D2B8E02B921D0 /* NativePhotoModel.cpp */ = {isa = PBXFileReference; lastKnownFileType = sourcecode.cpp.cpp; path = NativePhotoModel.cpp; sourceTree = "<group>"; };
		8D3265CA4FE47910461B4545 /* http_callback_impl.hpp */ = {isa = PBXFileReference; lastKnownFileType = text; path = http_callback_impl.hpp; sourceTree = "<group>"; };
		9E21D62DC6A8C69F8B4E1596 /* support_lib.xcodeproj */ = {isa = PBXFileReference; lastKnownFileType = "wrapper.pb-project"; name = support_lib.xcodeproj; path = "build_ios/deps/djinni/support-lib/support_lib.xcodeproj"; sourceTree = SOURCE_ROOT; };
		9E3D64392F531389303042AF /* api.hpp */ = {isa = PBXFileReference; lastKnownFileType = text; path = api.hpp; sourceTree = "<group>"; };
		A115BB0F7F65CE14EA1E6C25 /* http_method.hpp */ = {isa = PBXFileReference; lastKnownFileType = text; path = http_method.hpp; sourceTree = "<group>"; };
		A2FAE8D68D0F1544E326B297 /* libdjinnirest_jni.dylib */ = {isa = PBXFileReference; explicitFileType = "compiled.mach-o.dylib"; includeInIndex = 0; path = libdjinnirest_jni.dylib; sourceTree = BUILT_PRODUCTS_DIR; };
		A3BE7768B46C7284916202A8 /* hello_model.hpp */ = {isa = PBXFileReference; lastKnownFileType = text; path = hello_model.hpp; sourceTree = "<group>"; };
		A68258BC5F2085D7B33A233E /* NativePostModel.mm */ = {isa = PBXFileReference; lastKnownFileType = sourcecode.cpp.objcpp; path = NativePostModel.mm; sourceTree = "<group>"; };
		A996AE3445732579B36637A3 /* NativePhotoModel.mm */ = {isa = PBXFileReference; lastKnownFileType = sourcecode.cpp.objcpp; path = NativePhotoModel.mm; sourceTree = "<group>"; };
		AA743765723B7C1526DE2A8F /* async_task_impl.cpp */ = {isa = PBXFileReference; lastKnownFileType = sourcecode.cpp.cpp; path = async_task_impl.cpp; sourceTree = "<group>"; };
		B02B08615C3BCC129A496892 /* NativeHttp.h */ = {isa = PBXFileReference; lastKnownFileType = sourcecode.c.h; path = NativeHttp.h; sourceTree = "<group>"; };
		B4717B176E54A7BC4C5A5BD7 /* NativeThreadLauncher.h */ = {isa = PBXFileReference; lastKnownFileType = sourcecode.c.h; path = NativeThreadLauncher.h; sourceTree = "<group>"; };
		B5C7044DCC67B061A61DDF56 /* json11.xcodeproj */ = {isa = PBXFileReference; lastKnownFileType = "wrapper.pb-project"; name = json11.xcodeproj; path = build_ios/deps/json11.xcodeproj; sourceTree = SOURCE_ROOT; };
		B9807B9FBBFB1080EC543DC1 /* NativePhotoModel.h */ = {isa = PBXFileReference; lastKnownFileType = sourcecode.c.h; path = NativePhotoModel.h; sourceTree = "<group>"; };
		C6C2CA1FC91FF2355479E32B /* NativeHttpCallback.h */ = {isa = PBXFileReference; lastKnownFileType = sourcecode.c.h; path = NativeHttpCallback.h; sourceTree = "<group>"; };
		CBE1B95970B04E6ED9719E0D /* api_impl.hpp */ = {isa = PBXFileReference; lastKnownFileType = text; path = api_impl.hpp; sourceTree = "<group>"; };
		CEDDFF93C9050512344B0D49 /* common.gypi */ = {isa = PBXFileReference; explicitFileType = sourcecode; name = common.gypi; path = deps/djinni/common.gypi; sourceTree = "<group>"; };
		D14602A24F16CD18E5E5D808 /* NativeHttpCallback+Private.h */ = {isa = PBXFileReference; lastKnownFileType = sourcecode.c.h; path = "NativeHttpCallback+Private.h"; sourceTree = "<group>"; };
		D16B476A67B6670D231BD4DB /* NativeAsyncTask.h */ = {isa = PBXFileReference; lastKnownFileType = sourcecode.c.h; path = NativeAsyncTask.h; sourceTree = "<group>"; };
		D2DEF35FDED194E68F78D250 /* NativePostModel+Private.mm */ = {isa = PBXFileReference; lastKnownFileType = sourcecode.cpp.objcpp; path = "NativePostModel+Private.mm"; sourceTree = "<group>"; };
		D38A6497E8B177CE4F042075 /* NativeHttpMethod.h */ = {isa = PBXFileReference; lastKnownFileType = sourcecode.c.h; path = NativeHttpMethod.h; sourceTree = "<group>"; };
		DBD97437EC621854492F60B8 /* async_task_impl.hpp */ = {isa = PBXFileReference; lastKnownFileType = text; path = async_task_impl.hpp; sourceTree = "<group>"; };
		E00483457AF9A6474F73C4B1 /* NativeApiPhotosResponse.h */ = {isa = PBXFileReference; lastKnownFileType = sourcecode.c.h; path = NativeApiPhotosResponse.h; sourceTree = "<group>"; };
		E1419E7A5C3C5C784DD1C7EF /* async_task.hpp */ = {isa = PBXFileReference; lastKnownFileType = text; path = async_task.hpp; sourceTree = "<group>"; };
		E5EBCEE11CE398C46AF454CC /* NativeApi.cpp */ = {isa = PBXFileReference; lastKnownFileType = sourcecode.cpp.cpp; path = NativeApi.cpp; sourceTree = "<group>"; };
		EBDABA7B3B0E67C34410B956 /* NativeThreadLauncher+Private.h */ = {isa = PBXFileReference; lastKnownFileType = sourcecode.c.h; path = "NativeThreadLauncher+Private.h"; sourceTree = "<group>"; };
		EC3ACA29B09A02AA7C1069C7 /* NativeHttpCallback.cpp */ = {isa = PBXFileReference; lastKnownFileType = sourcecode.cpp.cpp; path = NativeHttpCallback.cpp; sourceTree = "<group>"; };
		F294C32A96576174394B4ECD /* NativeApiPhotosResponse.cpp */ = {isa = PBXFileReference; lastKnownFileType = sourcecode.cpp.cpp; path = NativeApiPhotosResponse.cpp; sourceTree = "<group>"; };
		F5303BCFB86B17C8BC0C96AA /* libdjinnirest.gyp */ = {isa = PBXFileReference; explicitFileType = sourcecode; path = libdjinnirest.gyp; sourceTree = "<group>"; };
		F6B7AD05956BCD3F6083B36A /* NativeApi.h */ = {isa = PBXFileReference; lastKnownFileType = sourcecode.c.h; path = NativeApi.h; sourceTree = "<group>"; };
		F93C940A1A43030A3BD84795 /* NativeHttpCallback+Private.mm */ = {isa = PBXFileReference; lastKnownFileType = sourcecode.cpp.objcpp; path = "NativeHttpCallback+Private.mm"; sourceTree = "<group>"; };
		FD42E8855E46653A357F32D1 /* NativeAsyncTask.cpp */ = {isa = PBXFileReference; lastKnownFileType = sourcecode.cpp.cpp; path = NativeAsyncTask.cpp; sourceTree = "<group>"; };
		FFA7EA06370CE194F40E3958 /* api_photos_response.hpp */ = {isa = PBXFileReference; lastKnownFileType = text; path = api_photos_response.hpp; sourceTree = "<group>"; };
/* End PBXFileReference section */

/* Begin PBXFrameworksBuildPhase section */
		8C6631BDE3B9B99E40A46BE1 /* Frameworks */ = {
			isa = PBXFrameworksBuildPhase;
			buildActionMask = 2147483647;
			files = (
				CC0C2B6EB9E44EE60ACF0A0E /* libdjinni_jni.a in Frameworks */,
				7C550BDB1E9FABFB0C539ED9 /* libdjinnirest.a in Frameworks */,
				C68BEDF80B7F1B8191ADA21B /* libjson11.a in Frameworks */,
			);
			runOnlyForDeploymentPostprocessing = 0;
		};
		B13B49920A2D7055D5EAD3B1 /* Frameworks */ = {
			isa = PBXFrameworksBuildPhase;
			buildActionMask = 2147483647;
			files = (
			);
			runOnlyForDeploymentPostprocessing = 0;
		};
		CD98AAACA850E569251CD2DD /* Frameworks */ = {
			isa = PBXFrameworksBuildPhase;
			buildActionMask = 2147483647;
			files = (
			);
			runOnlyForDeploymentPostprocessing = 0;
		};
/* End PBXFrameworksBuildPhase section */

/* Begin PBXGroup section */
		01C171CC53B05B4EA599D064 /* generated-src */ = {
			isa = PBXGroup;
			children = (
				654DD0A0D123E3F62F8F5697 /* cpp */,
				861AF7274789A19C43EC5219 /* jni */,
				70F008E1FE4DF768D4275E0B /* objc */,
			);
			path = "generated-src";
			sourceTree = "<group>";
		};
		5EDBC37D9DE53C342BD5D095 /* Products */ = {
			isa = PBXGroup;
			children = (
				818386456C11E6C086652551 /* libdjinnirest.a */,
				A2FAE8D68D0F1544E326B297 /* libdjinnirest_jni.dylib */,
				00AEE462F847F82A76833A33 /* libdjinnirest_objc.a */,
			);
			name = Products;
			sourceTree = "<group>";
		};
		654DD0A0D123E3F62F8F5697 /* cpp */ = {
			isa = PBXGroup;
			children = (
				9E3D64392F531389303042AF /* api.hpp */,
				FFA7EA06370CE194F40E3958 /* api_photos_response.hpp */,
				3EF3C60DCA9C860A9E8A418E /* api_posts_response.hpp */,
				E1419E7A5C3C5C784DD1C7EF /* async_task.hpp */,
				A3BE7768B46C7284916202A8 /* hello_model.hpp */,
				5225935928EB57C8DDC3E836 /* http.hpp */,
				245D5797309111821133F55F /* http_callback.hpp */,
				A115BB0F7F65CE14EA1E6C25 /* http_method.hpp */,
				3E06031AA8F304F2F9B4AC7F /* photo_model.hpp */,
				10A5B2D713EB87BB065FF99E /* post_model.hpp */,
				3BF2CF8163D9232A3A4F3D42 /* thread_launcher.hpp */,
			);
			path = cpp;
			sourceTree = "<group>";
		};
		70F008E1FE4DF768D4275E0B /* objc */ = {
			isa = PBXGroup;
			children = (
				7FE7F18A44A73D9A331DD0BF /* NativeApi+Private.h */,
				684F59357A0F0650221AE462 /* NativeApi+Private.mm */,
				F6B7AD05956BCD3F6083B36A /* NativeApi.h */,
				75E45C8188D29D211005D2AF /* NativeApiPhotosResponse+Private.h */,
				2B5E901E540E3FA8F32972B1 /* NativeApiPhotosResponse+Private.mm */,
				E00483457AF9A6474F73C4B1 /* NativeApiPhotosResponse.h */,
				358E90744B92A5DEFB668960 /* NativeApiPostsResponse+Private.h */,
				410EA9415F801F3DE5F721B7 /* NativeApiPostsResponse+Private.mm */,
				49A5E1816275EFC7DA1C4F67 /* NativeApiPostsResponse.h */,
				05D74318243EE5000ABCE5E2 /* NativeAsyncTask+Private.h */,
				203BE3ADC291EE1431E06D8A /* NativeAsyncTask+Private.mm */,
				D16B476A67B6670D231BD4DB /* NativeAsyncTask.h */,
				8441DD6F947F86CEC8909F15 /* NativeHelloModel+Private.h */,
				07E075D28A46C465368C2FF0 /* NativeHelloModel+Private.mm */,
				8C0100FFAE1DC510DF79955F /* NativeHelloModel.h */,
				325D19892E73C259A643E20A /* NativeHelloModel.mm */,
				6E59117963001174D1F54110 /* NativeHttp+Private.h */,
				5521AF8BC97242B62BEF916D /* NativeHttp+Private.mm */,
				B02B08615C3BCC129A496892 /* NativeHttp.h */,
				D14602A24F16CD18E5E5D808 /* NativeHttpCallback+Private.h */,
				F93C940A1A43030A3BD84795 /* NativeHttpCallback+Private.mm */,
				C6C2CA1FC91FF2355479E32B /* NativeHttpCallback.h */,
				D38A6497E8B177CE4F042075 /* NativeHttpMethod.h */,
				6D6E9204A22B1277A9DBEE0F /* NativePhotoModel+Private.h */,
				318055255997233CB15431EC /* NativePhotoModel+Private.mm */,
				B9807B9FBBFB1080EC543DC1 /* NativePhotoModel.h */,
				A996AE3445732579B36637A3 /* NativePhotoModel.mm */,
				65AD4FA9DA47C76F6BB5DF54 /* NativePostModel+Private.h */,
				D2DEF35FDED194E68F78D250 /* NativePostModel+Private.mm */,
				253222E24D44476B0C1FC1E1 /* NativePostModel.h */,
				A68258BC5F2085D7B33A233E /* NativePostModel.mm */,
				EBDABA7B3B0E67C34410B956 /* NativeThreadLauncher+Private.h */,
				63E96621CF10F1721852ED6A /* NativeThreadLauncher+Private.mm */,
				B4717B176E54A7BC4C5A5BD7 /* NativeThreadLauncher.h */,
			);
			path = objc;
			sourceTree = "<group>";
		};
		8575F71A5900C991680245C6 /* Source */ = {
			isa = PBXGroup;
			children = (
				E3F200F1E0D1CF4B6107A559 /* deps/djinni/support-lib/jni */,
				01C171CC53B05B4EA599D064 /* generated-src */,
				D589DCAD01D8FA5F611210C5 /* src */,
			);
			name = Source;
			sourceTree = "<group>";
		};
		861AF7274789A19C43EC5219 /* jni */ = {
			isa = PBXGroup;
			children = (
				E5EBCEE11CE398C46AF454CC /* NativeApi.cpp */,
				F294C32A96576174394B4ECD /* NativeApiPhotosResponse.cpp */,
				6F3BA8F9D744349A62A4F48C /* NativeApiPostsResponse.cpp */,
				FD42E8855E46653A357F32D1 /* NativeAsyncTask.cpp */,
				31609FAC47CD15A93B83B2D3 /* NativeHelloModel.cpp */,
				557E4ECBEC66A03F62557E95 /* NativeHttp.cpp */,
				EC3ACA29B09A02AA7C1069C7 /* NativeHttpCallback.cpp */,
				8C0FD348080D2B8E02B921D0 /* NativePhotoModel.cpp */,
				0471C175AF40E84728B3094E /* NativePostModel.cpp */,
				4A00A890D3BC5CDA237A5187 /* NativeThreadLauncher.cpp */,
			);
			path = jni;
			sourceTree = "<group>";
		};
		A6618511905750A834B5B0E7 /* Products */ = {
			isa = PBXGroup;
			children = (
				56D233306E21138D7CD17451 /* libjson11.a */,
			);
			name = Products;
			sourceTree = "<group>";
		};
		BB9917C8460A7AB8137EC596 /* Products */ = {
			isa = PBXGroup;
			children = (
				1B489D6C8ECECCBA93801316 /* libdjinni_jni.a */,
				6CBEBE0D6A98D61EFCEA6874 /* libdjinni_objc.a */,
			);
			name = Products;
			sourceTree = "<group>";
		};
		C771C262993B6F1057FDB1D9 /* Projects */ = {
			isa = PBXGroup;
			children = (
				B5C7044DCC67B061A61DDF56 /* json11.xcodeproj */,
				9E21D62DC6A8C69F8B4E1596 /* support_lib.xcodeproj */,
			);
			name = Projects;
			sourceTree = "<group>";
		};
		CF118571539979E5C93F6399 = {
			isa = PBXGroup;
			children = (
				8575F71A5900C991680245C6 /* Source */,
				C771C262993B6F1057FDB1D9 /* Projects */,
				5EDBC37D9DE53C342BD5D095 /* Products */,
				E1D0E50ABE63A11BF9904756 /* Build */,
			);
			sourceTree = "<group>";
		};
		D589DCAD01D8FA5F611210C5 /* src */ = {
			isa = PBXGroup;
			children = (
				23B9EF9BA1EE764148342449 /* api_impl.cpp */,
				CBE1B95970B04E6ED9719E0D /* api_impl.hpp */,
				AA743765723B7C1526DE2A8F /* async_task_impl.cpp */,
				DBD97437EC621854492F60B8 /* async_task_impl.hpp */,
				7F7BD3F1339E26CA97FB66C8 /* http_callback_impl.cpp */,
				8D3265CA4FE47910461B4545 /* http_callback_impl.hpp */,
				852E0350D12E69F25389BDD1 /* std_util.hpp */,
				4256F174DA6AC961B56C466C /* utils.cpp */,
			);
			path = src;
			sourceTree = "<group>";
		};
		E1D0E50ABE63A11BF9904756 /* Build */ = {
			isa = PBXGroup;
			children = (
				CEDDFF93C9050512344B0D49 /* common.gypi */,
				F5303BCFB86B17C8BC0C96AA /* libdjinnirest.gyp */,
			);
			name = Build;
			sourceTree = "<group>";
		};
		E3F200F1E0D1CF4B6107A559 /* deps/djinni/support-lib/jni */ = {
			isa = PBXGroup;
			children = (
				66C1133B7E181CA277806AF5 /* djinni_main.cpp */,
			);
			path = "deps/djinni/support-lib/jni";
			sourceTree = "<group>";
		};
/* End PBXGroup section */

/* Begin PBXNativeTarget section */
		276223351F1A50C19D332FEC /* libdjinnirest_jni */ = {
			isa = PBXNativeTarget;
			buildConfigurationList = 3F0947191C0FA18F39BE362E /* Build configuration list for PBXNativeTarget "libdjinnirest_jni" */;
			buildPhases = (
				A166906F131E0C32E4CA4AFB /* Sources */,
				8C6631BDE3B9B99E40A46BE1 /* Frameworks */,
			);
			buildRules = (
			);
			dependencies = (
				D7C768CF6DFC2F36F576326A /* PBXTargetDependency */,
				04ABC0BF58C0A7793D629F54 /* PBXTargetDependency */,
				8A6F58D9163F2D924594FF64 /* PBXTargetDependency */,
			);
			name = libdjinnirest_jni;
			productName = djinnirest_jni;
			productReference = A2FAE8D68D0F1544E326B297 /* libdjinnirest_jni.dylib */;
			productType = "com.apple.product-type.library.dynamic";
		};
		504B3B219ADCB890C6F9B0BD /* libdjinnirest */ = {
			isa = PBXNativeTarget;
			buildConfigurationList = 189B3A06763AF94FE3A6966C /* Build configuration list for PBXNativeTarget "libdjinnirest" */;
			buildPhases = (
				23140DFDC2A676CB352C3CA3 /* Sources */,
				B13B49920A2D7055D5EAD3B1 /* Frameworks */,
			);
			buildRules = (
			);
			dependencies = (
			);
			name = libdjinnirest;
			productName = djinnirest;
			productReference = 818386456C11E6C086652551 /* libdjinnirest.a */;
			productType = "com.apple.product-type.library.static";
		};
		D7EA424C6D917191A422D1D9 /* libdjinnirest_objc */ = {
			isa = PBXNativeTarget;
			buildConfigurationList = 8AC1440AA39D4E435D149E90 /* Build configuration list for PBXNativeTarget "libdjinnirest_objc" */;
			buildPhases = (
				A55924FD1583902023F656AA /* Sources */,
				CD98AAACA850E569251CD2DD /* Frameworks */,
			);
			buildRules = (
			);
			dependencies = (
			);
			name = libdjinnirest_objc;
			productName = djinnirest_objc;
			productReference = 00AEE462F847F82A76833A33 /* libdjinnirest_objc.a */;
			productType = "com.apple.product-type.library.static";
		};
/* End PBXNativeTarget section */

/* Begin PBXProject section */
		EC3DCDCACEF9492767AA694C /* Project object */ = {
			isa = PBXProject;
			attributes = {
				BuildIndependentTargetsInParallel = YES;
			};
			buildConfigurationList = 9DFE9FAF0495D17F9ACB6479 /* Build configuration list for PBXProject "libdjinnirest" */;
			compatibilityVersion = "Xcode 3.2";
			hasScannedForEncodings = 1;
			mainGroup = CF118571539979E5C93F6399;
			projectDirPath = ..;
			projectReferences = (
				{
					ProductGroup = A6618511905750A834B5B0E7 /* Products */;
					ProjectRef = B5C7044DCC67B061A61DDF56 /* json11.xcodeproj */;
				},
				{
					ProductGroup = BB9917C8460A7AB8137EC596 /* Products */;
					ProjectRef = 9E21D62DC6A8C69F8B4E1596 /* support_lib.xcodeproj */;
				},
			);
			projectRoot = "";
			targets = (
				6185648685CA60D408A1FA53 /* All */,
				504B3B219ADCB890C6F9B0BD /* libdjinnirest */,
				276223351F1A50C19D332FEC /* libdjinnirest_jni */,
				D7EA424C6D917191A422D1D9 /* libdjinnirest_objc */,
			);
		};
/* End PBXProject section */

/* Begin PBXReferenceProxy section */
		1B489D6C8ECECCBA93801316 /* libdjinni_jni.a */ = {
			isa = PBXReferenceProxy;
			fileType = archive.ar;
			path = libdjinni_jni.a;
			remoteRef = 8C88CB5763DCA8B906972ACE /* PBXContainerItemProxy */;
			sourceTree = BUILT_PRODUCTS_DIR;
		};
		56D233306E21138D7CD17451 /* libjson11.a */ = {
			isa = PBXReferenceProxy;
			fileType = archive.ar;
			path = libjson11.a;
			remoteRef = E756F18BCB2AD81E394B4659 /* PBXContainerItemProxy */;
			sourceTree = BUILT_PRODUCTS_DIR;
		};
		6CBEBE0D6A98D61EFCEA6874 /* libdjinni_objc.a */ = {
			isa = PBXReferenceProxy;
			fileType = archive.ar;
			path = libdjinni_objc.a;
			remoteRef = 5B7C15EC364033AE9865D1B9 /* PBXContainerItemProxy */;
			sourceTree = BUILT_PRODUCTS_DIR;
		};
/* End PBXReferenceProxy section */

/* Begin PBXSourcesBuildPhase section */
		23140DFDC2A676CB352C3CA3 /* Sources */ = {
			isa = PBXSourcesBuildPhase;
			buildActionMask = 2147483647;
			files = (
				AA65E4439F5B7A2648A20497 /* api_impl.cpp in Sources */,
				AB46F4FA75E9ED86B73CAEA4 /* async_task_impl.cpp in Sources */,
				216BC02D0ACF551CF53D53BC /* http_callback_impl.cpp in Sources */,
				DBE0CB9A53EEF487D5D79432 /* utils.cpp in Sources */,
			);
			runOnlyForDeploymentPostprocessing = 0;
		};
		A166906F131E0C32E4CA4AFB /* Sources */ = {
			isa = PBXSourcesBuildPhase;
			buildActionMask = 2147483647;
			files = (
				A00462E578DACF24D43D12A8 /* djinni_main.cpp in Sources */,
				932101830059FBA44215F77B /* NativeApi.cpp in Sources */,
				9EFB2E80E5B1A1F1A453AD1B /* NativeApiPhotosResponse.cpp in Sources */,
				F386D37F213D435645A66B75 /* NativeApiPostsResponse.cpp in Sources */,
				744FB3CDB2DA4030C6614511 /* NativeAsyncTask.cpp in Sources */,
				5F2150FFF245BF04761C8E82 /* NativeHelloModel.cpp in Sources */,
				A5291FC6E8924DD83B2CAD5B /* NativeHttp.cpp in Sources */,
				9C05E2BAFC0CAD692E5792CE /* NativeHttpCallback.cpp in Sources */,
				FCF7DCF17AF8AA9076074AE7 /* NativePhotoModel.cpp in Sources */,
				880321810800A17DDC65EA3D /* NativePostModel.cpp in Sources */,
				529AB76A4589C82AEC9AD5E4 /* NativeThreadLauncher.cpp in Sources */,
				DDFC2D4DF5A6B3A374129C3A /* api_impl.cpp in Sources */,
				A2362B320D2DA760F73C6EBE /* async_task_impl.cpp in Sources */,
				BB6BF7BCA69C78AED16B3366 /* http_callback_impl.cpp in Sources */,
				49F4BABF821EF0B3D66F83A3 /* utils.cpp in Sources */,
			);
			runOnlyForDeploymentPostprocessing = 0;
		};
		A55924FD1583902023F656AA /* Sources */ = {
			isa = PBXSourcesBuildPhase;
			buildActionMask = 2147483647;
			files = (
				6A4B5839D469713DB01D3A55 /* NativeApi+Private.mm in Sources */,
				AEEA4742088EE838A314331D /* NativeApiPhotosResponse+Private.mm in Sources */,
				00F3E176398E656046D0D90D /* NativeApiPostsResponse+Private.mm in Sources */,
				C0A5031B79CE66913DBEBE31 /* NativeAsyncTask+Private.mm in Sources */,
				026700EC96BE925AB71DD48C /* NativeHelloModel+Private.mm in Sources */,
				E24E6CED24D84E2473D99893 /* NativeHelloModel.mm in Sources */,
				8060D7A516F3B5B0E5FACF92 /* NativeHttp+Private.mm in Sources */,
				EC9978BCAEE0825D8CD6F05A /* NativeHttpCallback+Private.mm in Sources */,
				8AD5A56FD398B7B0DFD80FF0 /* NativePhotoModel+Private.mm in Sources */,
				5A8BD809CB58E5E67577393A /* NativePhotoModel.mm in Sources */,
				C0B5F7E2922DAB379B1189BC /* NativePostModel+Private.mm in Sources */,
				06DC6EA6EABD75ECC0F35FC4 /* NativePostModel.mm in Sources */,
				A6B78917ED535D79AE866108 /* NativeThreadLauncher+Private.mm in Sources */,
				CE9344A46DDFE95825E2CB50 /* api_impl.cpp in Sources */,
				2DD74E5036E0AB1CBD0FD3AD /* async_task_impl.cpp in Sources */,
				7C8790AFFFD4CC8FAA825899 /* http_callback_impl.cpp in Sources */,
				E9F5F9ADBCA4AC00C6DD8531 /* utils.cpp in Sources */,
			);
			runOnlyForDeploymentPostprocessing = 0;
		};
/* End PBXSourcesBuildPhase section */

/* Begin PBXTargetDependency section */
		04ABC0BF58C0A7793D629F54 /* PBXTargetDependency */ = {
			isa = PBXTargetDependency;
			target = 504B3B219ADCB890C6F9B0BD /* libdjinnirest */;
			targetProxy = C8C9EEAEF1FFF210C7CDF246 /* PBXContainerItemProxy */;
		};
		8A6F58D9163F2D924594FF64 /* PBXTargetDependency */ = {
			isa = PBXTargetDependency;
			name = json11;
			targetProxy = 174044A7CFF89C26A4D6ED82 /* PBXContainerItemProxy */;
		};
		BEDDB050161689075975313E /* PBXTargetDependency */ = {
			isa = PBXTargetDependency;
			target = D7EA424C6D917191A422D1D9 /* libdjinnirest_objc */;
			targetProxy = C54FFDF338D199DBE8AF01C3 /* PBXContainerItemProxy */;
		};
		D7C768CF6DFC2F36F576326A /* PBXTargetDependency */ = {
			isa = PBXTargetDependency;
			name = djinni_jni;
			targetProxy = 1F67E59BA9534772905C18EC /* PBXContainerItemProxy */;
		};
		E27C6469740BB8CF732C610E /* PBXTargetDependency */ = {
			isa = PBXTargetDependency;
			target = 276223351F1A50C19D332FEC /* libdjinnirest_jni */;
			targetProxy = 7B763181247B4FE0426980AC /* PBXContainerItemProxy */;
		};
		ECAEAFFE55B47C4B6E5D67F2 /* PBXTargetDependency */ = {
			isa = PBXTargetDependency;
			target = 504B3B219ADCB890C6F9B0BD /* libdjinnirest */;
			targetProxy = 4969F15CCA4AF581BCB5678C /* PBXContainerItemProxy */;
		};
/* End PBXTargetDependency section */

/* Begin XCBuildConfiguration section */
		276CE33F5D823015B33B32CA /* Debug */ = {
			isa = XCBuildConfiguration;
			buildSettings = {
				CLANG_CXX_LANGUAGE_STANDARD = "c++11";
				CLANG_CXX_LIBRARY = "libc++";
				CLANG_ENABLE_OBJC_ARC = YES;
				DEAD_CODE_STRIPPING = YES;
				EXECUTABLE_PREFIX = lib;
				GCC_PREPROCESSOR_DEFINITIONS = "DEBUG=1";
				HEADER_SEARCH_PATHS = (
					"generated-src/jni",
					"generated-src/cpp",
					src,
					deps,
					"deps/djinni/support-lib/jni",
				);
				ONLY_ACTIVE_ARCH = YES;
				OTHER_CFLAGS = "-Wall";
				OTHER_CPLUSPLUSFLAGS = "-Wall";
				PRODUCT_NAME = djinnirest_jni;
				SDKROOT = iphoneos;
				SKIP_INSTALL = YES;
				SUPPORTED_PLATFORMS = "iphonesimulator iphoneos";
			};
			name = Debug;
		};
		51D4D8AC547950FC752F58D1 /* Debug */ = {
			isa = XCBuildConfiguration;
			buildSettings = {
				INTERMEDIATE_DIR = "$(PROJECT_DERIVED_FILE_DIR)/$(CONFIGURATION)";
				SHARED_INTERMEDIATE_DIR = "$(SYMROOT)/DerivedSources/$(CONFIGURATION)";
			};
			name = Debug;
		};
		6D8B934A9219FAD775FF2BCD /* Release */ = {
			isa = XCBuildConfiguration;
			buildSettings = {
				CLANG_CXX_LANGUAGE_STANDARD = "c++11";
				CLANG_CXX_LIBRARY = "libc++";
				CLANG_ENABLE_OBJC_ARC = YES;
				DEAD_CODE_STRIPPING = YES;
				EXECUTABLE_PREFIX = lib;
				GCC_PREPROCESSOR_DEFINITIONS = "NDEBUG=1";
				HEADER_SEARCH_PATHS = (
					"generated-src/objc",
					"generated-src/cpp",
					src,
					deps,
					"deps/djinni/support-lib/objc",
				);
				OTHER_CFLAGS = "-Wall";
				OTHER_CPLUSPLUSFLAGS = "-Wall";
				PRODUCT_NAME = djinnirest_objc;
				SDKROOT = iphoneos;
				SKIP_INSTALL = YES;
				SUPPORTED_PLATFORMS = "iphonesimulator iphoneos";
			};
			name = Release;
		};
		A5CC089B2173D57F9299483F /* Release */ = {
			isa = XCBuildConfiguration;
			buildSettings = {
				CLANG_CXX_LANGUAGE_STANDARD = "c++11";
				CLANG_CXX_LIBRARY = "libc++";
				CLANG_ENABLE_OBJC_ARC = YES;
				DEAD_CODE_STRIPPING = YES;
				EXECUTABLE_PREFIX = lib;
				GCC_PREPROCESSOR_DEFINITIONS = "NDEBUG=1";
				HEADER_SEARCH_PATHS = (
					"generated-src/jni",
					"generated-src/cpp",
					src,
					deps,
					"deps/djinni/support-lib/jni",
				);
				OTHER_CFLAGS = "-Wall";
				OTHER_CPLUSPLUSFLAGS = "-Wall";
				PRODUCT_NAME = djinnirest_jni;
				SDKROOT = iphoneos;
				SKIP_INSTALL = YES;
				SUPPORTED_PLATFORMS = "iphonesimulator iphoneos";
			};
			name = Release;
		};
		A8F249A5EB22150AAA79BDE3 /* Release */ = {
			isa = XCBuildConfiguration;
			buildSettings = {
				INTERMEDIATE_DIR = "$(PROJECT_DERIVED_FILE_DIR)/$(CONFIGURATION)";
				SHARED_INTERMEDIATE_DIR = "$(SYMROOT)/DerivedSources/$(CONFIGURATION)";
			};
			name = Release;
		};
		BA363F8A02652B2697C4F358 /* Debug */ = {
			isa = XCBuildConfiguration;
			buildSettings = {
				CLANG_CXX_LANGUAGE_STANDARD = "c++11";
				CLANG_CXX_LIBRARY = "libc++";
				CLANG_ENABLE_OBJC_ARC = YES;
				DEAD_CODE_STRIPPING = YES;
				EXECUTABLE_PREFIX = lib;
				GCC_PREPROCESSOR_DEFINITIONS = "DEBUG=1";
				HEADER_SEARCH_PATHS = (
					"generated-src/objc",
					"generated-src/cpp",
					src,
					deps,
					"deps/djinni/support-lib/objc",
				);
				ONLY_ACTIVE_ARCH = YES;
				OTHER_CFLAGS = "-Wall";
				OTHER_CPLUSPLUSFLAGS = "-Wall";
				PRODUCT_NAME = djinnirest_objc;
				SDKROOT = iphoneos;
				SKIP_INSTALL = YES;
				SUPPORTED_PLATFORMS = "iphonesimulator iphoneos";
			};
			name = Debug;
		};
		D6416E6F3C35644B8A499C49 /* Release */ = {
			isa = XCBuildConfiguration;
			buildSettings = {
				CLANG_CXX_LANGUAGE_STANDARD = "c++11";
				CLANG_CXX_LIBRARY = "libc++";
				CLANG_ENABLE_OBJC_ARC = YES;
				DEAD_CODE_STRIPPING = YES;
				EXECUTABLE_PREFIX = lib;
				GCC_PREPROCESSOR_DEFINITIONS = "NDEBUG=1";
				HEADER_SEARCH_PATHS = deps;
				OTHER_CFLAGS = "-Wall";
				OTHER_CPLUSPLUSFLAGS = "-Wall";
				PRODUCT_NAME = djinnirest;
				SDKROOT = iphoneos;
				SKIP_INSTALL = YES;
				SUPPORTED_PLATFORMS = "iphonesimulator iphoneos";
			};
			name = Release;
		};
		D6AA7D374A6D8577E68810FE /* Debug */ = {
			isa = XCBuildConfiguration;
			buildSettings = {
				PRODUCT_NAME = All;
			};
			name = Debug;
		};
		EF5CF84DA6BD802A554270F1 /* Release */ = {
			isa = XCBuildConfiguration;
			buildSettings = {
				PRODUCT_NAME = All;
			};
			name = Release;
		};
		F8354F975FAE07488B9E1E16 /* Debug */ = {
			isa = XCBuildConfiguration;
			buildSettings = {
				CLANG_CXX_LANGUAGE_STANDARD = "c++11";
				CLANG_CXX_LIBRARY = "libc++";
				CLANG_ENABLE_OBJC_ARC = YES;
				DEAD_CODE_STRIPPING = YES;
				EXECUTABLE_PREFIX = lib;
				GCC_PREPROCESSOR_DEFINITIONS = "DEBUG=1";
				HEADER_SEARCH_PATHS = deps;
				ONLY_ACTIVE_ARCH = YES;
				OTHER_CFLAGS = "-Wall";
				OTHER_CPLUSPLUSFLAGS = "-Wall";
				PRODUCT_NAME = djinnirest;
				SDKROOT = iphoneos;
				SKIP_INSTALL = YES;
				SUPPORTED_PLATFORMS = "iphonesimulator iphoneos";
			};
			name = Debug;
		};
/* End XCBuildConfiguration section */

/* Begin XCConfigurationList section */
		189B3A06763AF94FE3A6966C /* Build configuration list for PBXNativeTarget "libdjinnirest" */ = {
			isa = XCConfigurationList;
			buildConfigurations = (
				F8354F975FAE07488B9E1E16 /* Debug */,
				D6416E6F3C35644B8A499C49 /* Release */,
			);
			defaultConfigurationIsVisible = 1;
			defaultConfigurationName = Debug;
		};
		3F0947191C0FA18F39BE362E /* Build configuration list for PBXNativeTarget "libdjinnirest_jni" */ = {
			isa = XCConfigurationList;
			buildConfigurations = (
				276CE33F5D823015B33B32CA /* Debug */,
				A5CC089B2173D57F9299483F /* Release */,
			);
			defaultConfigurationIsVisible = 1;
			defaultConfigurationName = Debug;
		};
		8AC1440AA39D4E435D149E90 /* Build configuration list for PBXNativeTarget "libdjinnirest_objc" */ = {
			isa = XCConfigurationList;
			buildConfigurations = (
				BA363F8A02652B2697C4F358 /* Debug */,
				6D8B934A9219FAD775FF2BCD /* Release */,
			);
			defaultConfigurationIsVisible = 1;
			defaultConfigurationName = Debug;
		};
		9C1B546072DA7F89B0E408C4 /* Build configuration list for PBXAggregateTarget "All" */ = {
			isa = XCConfigurationList;
			buildConfigurations = (
				D6AA7D374A6D8577E68810FE /* Debug */,
				EF5CF84DA6BD802A554270F1 /* Release */,
			);
			defaultConfigurationIsVisible = 1;
			defaultConfigurationName = Debug;
		};
		9DFE9FAF0495D17F9ACB6479 /* Build configuration list for PBXProject "libdjinnirest" */ = {
			isa = XCConfigurationList;
			buildConfigurations = (
				51D4D8AC547950FC752F58D1 /* Debug */,
				A8F249A5EB22150AAA79BDE3 /* Release */,
			);
			defaultConfigurationIsVisible = 1;
			defaultConfigurationName = Debug;
		};
/* End XCConfigurationList section */
	};
	rootObject = EC3DCDCACEF9492767AA694C /* Project object */;
}
